
Microsoft Visual Studio Solution File, Format Version 12.00
# Visual Studio 15
VisualStudioVersion = 15.0.28307.489
MinimumVisualStudioVersion = 10.0.40219.1
Project("{FAE04EC0-301F-11D3-BF4B-00C04F79EFBC}") = "LWXamarin.Android", "LWXamarin\LWXamarin.Android\LWXamarin.Android.csproj", "{B1607B75-F8E5-4400-9EA7-2EAEFC2AAB6A}"
EndProject
Project("{FAE04EC0-301F-11D3-BF4B-00C04F79EFBC}") = "LWXamarin.iOS", "LWXamarin\LWXamarin.iOS\LWXamarin.iOS.csproj", "{8BCFB30C-2363-476D-AF78-8237A68D346F}"
EndProject
Project("{FAE04EC0-301F-11D3-BF4B-00C04F79EFBC}") = "LWXamarin.UWP", "LWXamarin\LWXamarin.UWP\LWXamarin.UWP.csproj", "{42E912D0-C9A8-4904-B048-F52859C8B291}"
EndProject
Project("{FAE04EC0-301F-11D3-BF4B-00C04F79EFBC}") = "LWXamarin", "LWXamarin\LWXamarin\LWXamarin.csproj", "{DD8D1C5E-76DE-4E9C-BECB-26440BB1A2EA}"
EndProject
Global
	GlobalSection(SolutionConfigurationPlatforms) = preSolution
		Ad-Hoc|Any CPU = Ad-Hoc|Any CPU
		Ad-Hoc|ARM = Ad-Hoc|ARM
		Ad-Hoc|iPhone = Ad-Hoc|iPhone
		Ad-Hoc|iPhoneSimulator = Ad-Hoc|iPhoneSimulator
		Ad-Hoc|x64 = Ad-Hoc|x64
		Ad-Hoc|x86 = Ad-Hoc|x86
		AppStore|Any CPU = AppStore|Any CPU
		AppStore|ARM = AppStore|ARM
		AppStore|iPhone = AppStore|iPhone
		AppStore|iPhoneSimulator = AppStore|iPhoneSimulator
		AppStore|x64 = AppStore|x64
		AppStore|x86 = AppStore|x86
		Debug|Any CPU = Debug|Any CPU
		Debug|ARM = Debug|ARM
		Debug|iPhone = Debug|iPhone
		Debug|iPhoneSimulator = Debug|iPhoneSimulator
		Debug|x64 = Debug|x64
		Debug|x86 = Debug|x86
		Release|Any CPU = Release|Any CPU
		Release|ARM = Release|ARM
		Release|iPhone = Release|iPhone
		Release|iPhoneSimulator = Release|iPhoneSimulator
		Release|x64 = Release|x64
		Release|x86 = Release|x86
	EndGlobalSection
	GlobalSection(ProjectConfigurationPlatforms) = postSolution
		{B1607B75-F8E5-4400-9EA7-2EAEFC2AAB6A}.Ad-Hoc|Any CPU.ActiveCfg = Release|Any CPU
		{B1607B75-F8E5-4400-9EA7-2EAEFC2AAB6A}.Ad-Hoc|Any CPU.Build.0 = Release|Any CPU
		{B1607B75-F8E5-4400-9EA7-2EAEFC2AAB6A}.Ad-Hoc|Any CPU.Deploy.0 = Release|Any CPU
		{B1607B75-F8E5-4400-9EA7-2EAEFC2AAB6A}.Ad-Hoc|ARM.ActiveCfg = Release|Any CPU
		{B1607B75-F8E5-4400-9EA7-2EAEFC2AAB6A}.Ad-Hoc|ARM.Build.0 = Release|Any CPU
		{B1607B75-F8E5-4400-9EA7-2EAEFC2AAB6A}.Ad-Hoc|ARM.Deploy.0 = Release|Any CPU
		{B1607B75-F8E5-4400-9EA7-2EAEFC2AAB6A}.Ad-Hoc|iPhone.ActiveCfg = Release|Any CPU
		{B1607B75-F8E5-4400-9EA7-2EAEFC2AAB6A}.Ad-Hoc|iPhone.Build.0 = Release|Any CPU
		{B1607B75-F8E5-4400-9EA7-2EAEFC2AAB6A}.Ad-Hoc|iPhone.Deploy.0 = Release|Any CPU
		{B1607B75-F8E5-4400-9EA7-2EAEFC2AAB6A}.Ad-Hoc|iPhoneSimulator.ActiveCfg = Release|Any CPU
		{B1607B75-F8E5-4400-9EA7-2EAEFC2AAB6A}.Ad-Hoc|iPhoneSimulator.Build.0 = Release|Any CPU
		{B1607B75-F8E5-4400-9EA7-2EAEFC2AAB6A}.Ad-Hoc|iPhoneSimulator.Deploy.0 = Release|Any CPU
		{B1607B75-F8E5-4400-9EA7-2EAEFC2AAB6A}.Ad-Hoc|x64.ActiveCfg = Release|Any CPU
		{B1607B75-F8E5-4400-9EA7-2EAEFC2AAB6A}.Ad-Hoc|x64.Build.0 = Release|Any CPU
		{B1607B75-F8E5-4400-9EA7-2EAEFC2AAB6A}.Ad-Hoc|x64.Deploy.0 = Release|Any CPU
		{B1607B75-F8E5-4400-9EA7-2EAEFC2AAB6A}.Ad-Hoc|x86.ActiveCfg = Release|Any CPU
		{B1607B75-F8E5-4400-9EA7-2EAEFC2AAB6A}.Ad-Hoc|x86.Build.0 = Release|Any CPU
		{B1607B75-F8E5-4400-9EA7-2EAEFC2AAB6A}.Ad-Hoc|x86.Deploy.0 = Release|Any CPU
		{B1607B75-F8E5-4400-9EA7-2EAEFC2AAB6A}.AppStore|Any CPU.ActiveCfg = Release|Any CPU
		{B1607B75-F8E5-4400-9EA7-2EAEFC2AAB6A}.AppStore|Any CPU.Build.0 = Release|Any CPU
		{B1607B75-F8E5-4400-9EA7-2EAEFC2AAB6A}.AppStore|Any CPU.Deploy.0 = Release|Any CPU
		{B1607B75-F8E5-4400-9EA7-2EAEFC2AAB6A}.AppStore|ARM.ActiveCfg = Release|Any CPU
		{B1607B75-F8E5-4400-9EA7-2EAEFC2AAB6A}.AppStore|ARM.Build.0 = Release|Any CPU
		{B1607B75-F8E5-4400-9EA7-2EAEFC2AAB6A}.AppStore|ARM.Deploy.0 = Release|Any CPU
		{B1607B75-F8E5-4400-9EA7-2EAEFC2AAB6A}.AppStore|iPhone.ActiveCfg = Release|Any CPU
		{B1607B75-F8E5-4400-9EA7-2EAEFC2AAB6A}.AppStore|iPhone.Build.0 = Release|Any CPU
		{B1607B75-F8E5-4400-9EA7-2EAEFC2AAB6A}.AppStore|iPhone.Deploy.0 = Release|Any CPU
		{B1607B75-F8E5-4400-9EA7-2EAEFC2AAB6A}.AppStore|iPhoneSimulator.ActiveCfg = Release|Any CPU
		{B1607B75-F8E5-4400-9EA7-2EAEFC2AAB6A}.AppStore|iPhoneSimulator.Build.0 = Release|Any CPU
		{B1607B75-F8E5-4400-9EA7-2EAEFC2AAB6A}.AppStore|iPhoneSimulator.Deploy.0 = Release|Any CPU
		{B1607B75-F8E5-4400-9EA7-2EAEFC2AAB6A}.AppStore|x64.ActiveCfg = Release|Any CPU
		{B1607B75-F8E5-4400-9EA7-2EAEFC2AAB6A}.AppStore|x64.Build.0 = Release|Any CPU
		{B1607B75-F8E5-4400-9EA7-2EAEFC2AAB6A}.AppStore|x64.Deploy.0 = Release|Any CPU
		{B1607B75-F8E5-4400-9EA7-2EAEFC2AAB6A}.AppStore|x86.ActiveCfg = Release|Any CPU
		{B1607B75-F8E5-4400-9EA7-2EAEFC2AAB6A}.AppStore|x86.Build.0 = Release|Any CPU
		{B1607B75-F8E5-4400-9EA7-2EAEFC2AAB6A}.AppStore|x86.Deploy.0 = Release|Any CPU
		{B1607B75-F8E5-4400-9EA7-2EAEFC2AAB6A}.Debug|Any CPU.ActiveCfg = Debug|Any CPU
		{B1607B75-F8E5-4400-9EA7-2EAEFC2AAB6A}.Debug|Any CPU.Build.0 = Debug|Any CPU
		{B1607B75-F8E5-4400-9EA7-2EAEFC2AAB6A}.Debug|Any CPU.Deploy.0 = Debug|Any CPU
		{B1607B75-F8E5-4400-9EA7-2EAEFC2AAB6A}.Debug|ARM.ActiveCfg = Debug|Any CPU
		{B1607B75-F8E5-4400-9EA7-2EAEFC2AAB6A}.Debug|ARM.Build.0 = Debug|Any CPU
		{B1607B75-F8E5-4400-9EA7-2EAEFC2AAB6A}.Debug|ARM.Deploy.0 = Debug|Any CPU
		{B1607B75-F8E5-4400-9EA7-2EAEFC2AAB6A}.Debug|iPhone.ActiveCfg = Debug|Any CPU
		{B1607B75-F8E5-4400-9EA7-2EAEFC2AAB6A}.Debug|iPhone.Build.0 = Debug|Any CPU
		{B1607B75-F8E5-4400-9EA7-2EAEFC2AAB6A}.Debug|iPhone.Deploy.0 = Debug|Any CPU
		{B1607B75-F8E5-4400-9EA7-2EAEFC2AAB6A}.Debug|iPhoneSimulator.ActiveCfg = Debug|Any CPU
		{B1607B75-F8E5-4400-9EA7-2EAEFC2AAB6A}.Debug|iPhoneSimulator.Build.0 = Debug|Any CPU
		{B1607B75-F8E5-4400-9EA7-2EAEFC2AAB6A}.Debug|iPhoneSimulator.Deploy.0 = Debug|Any CPU
		{B1607B75-F8E5-4400-9EA7-2EAEFC2AAB6A}.Debug|x64.ActiveCfg = Debug|Any CPU
		{B1607B75-F8E5-4400-9EA7-2EAEFC2AAB6A}.Debug|x64.Build.0 = Debug|Any CPU
		{B1607B75-F8E5-4400-9EA7-2EAEFC2AAB6A}.Debug|x64.Deploy.0 = Debug|Any CPU
		{B1607B75-F8E5-4400-9EA7-2EAEFC2AAB6A}.Debug|x86.ActiveCfg = Debug|Any CPU
		{B1607B75-F8E5-4400-9EA7-2EAEFC2AAB6A}.Debug|x86.Build.0 = Debug|Any CPU
		{B1607B75-F8E5-4400-9EA7-2EAEFC2AAB6A}.Debug|x86.Deploy.0 = Debug|Any CPU
		{B1607B75-F8E5-4400-9EA7-2EAEFC2AAB6A}.Release|Any CPU.ActiveCfg = Release|Any CPU
		{B1607B75-F8E5-4400-9EA7-2EAEFC2AAB6A}.Release|Any CPU.Build.0 = Release|Any CPU
		{B1607B75-F8E5-4400-9EA7-2EAEFC2AAB6A}.Release|Any CPU.Deploy.0 = Release|Any CPU
		{B1607B75-F8E5-4400-9EA7-2EAEFC2AAB6A}.Release|ARM.ActiveCfg = Release|Any CPU
		{B1607B75-F8E5-4400-9EA7-2EAEFC2AAB6A}.Release|ARM.Build.0 = Release|Any CPU
		{B1607B75-F8E5-4400-9EA7-2EAEFC2AAB6A}.Release|ARM.Deploy.0 = Release|Any CPU
		{B1607B75-F8E5-4400-9EA7-2EAEFC2AAB6A}.Release|iPhone.ActiveCfg = Release|Any CPU
		{B1607B75-F8E5-4400-9EA7-2EAEFC2AAB6A}.Release|iPhone.Build.0 = Release|Any CPU
		{B1607B75-F8E5-4400-9EA7-2EAEFC2AAB6A}.Release|iPhone.Deploy.0 = Release|Any CPU
		{B1607B75-F8E5-4400-9EA7-2EAEFC2AAB6A}.Release|iPhoneSimulator.ActiveCfg = Release|Any CPU
		{B1607B75-F8E5-4400-9EA7-2EAEFC2AAB6A}.Release|iPhoneSimulator.Build.0 = Release|Any CPU
		{B1607B75-F8E5-4400-9EA7-2EAEFC2AAB6A}.Release|iPhoneSimulator.Deploy.0 = Release|Any CPU
		{B1607B75-F8E5-4400-9EA7-2EAEFC2AAB6A}.Release|x64.ActiveCfg = Release|Any CPU
		{B1607B75-F8E5-4400-9EA7-2EAEFC2AAB6A}.Release|x64.Build.0 = Release|Any CPU
		{B1607B75-F8E5-4400-9EA7-2EAEFC2AAB6A}.Release|x64.Deploy.0 = Release|Any CPU
		{B1607B75-F8E5-4400-9EA7-2EAEFC2AAB6A}.Release|x86.ActiveCfg = Release|Any CPU
		{B1607B75-F8E5-4400-9EA7-2EAEFC2AAB6A}.Release|x86.Build.0 = Release|Any CPU
		{B1607B75-F8E5-4400-9EA7-2EAEFC2AAB6A}.Release|x86.Deploy.0 = Release|Any CPU
		{8BCFB30C-2363-476D-AF78-8237A68D346F}.Ad-Hoc|Any CPU.ActiveCfg = Ad-Hoc|iPhone
		{8BCFB30C-2363-476D-AF78-8237A68D346F}.Ad-Hoc|Any CPU.Build.0 = Ad-Hoc|iPhone
		{8BCFB30C-2363-476D-AF78-8237A68D346F}.Ad-Hoc|Any CPU.Deploy.0 = Ad-Hoc|iPhone
		{8BCFB30C-2363-476D-AF78-8237A68D346F}.Ad-Hoc|ARM.ActiveCfg = Ad-Hoc|iPhone
		{8BCFB30C-2363-476D-AF78-8237A68D346F}.Ad-Hoc|ARM.Build.0 = Ad-Hoc|iPhone
		{8BCFB30C-2363-476D-AF78-8237A68D346F}.Ad-Hoc|ARM.Deploy.0 = Ad-Hoc|iPhone
		{8BCFB30C-2363-476D-AF78-8237A68D346F}.Ad-Hoc|iPhone.ActiveCfg = Ad-Hoc|iPhone
		{8BCFB30C-2363-476D-AF78-8237A68D346F}.Ad-Hoc|iPhone.Build.0 = Ad-Hoc|iPhone
		{8BCFB30C-2363-476D-AF78-8237A68D346F}.Ad-Hoc|iPhone.Deploy.0 = Ad-Hoc|iPhone
		{8BCFB30C-2363-476D-AF78-8237A68D346F}.Ad-Hoc|iPhoneSimulator.ActiveCfg = Ad-Hoc|iPhoneSimulator
		{8BCFB30C-2363-476D-AF78-8237A68D346F}.Ad-Hoc|iPhoneSimulator.Build.0 = Ad-Hoc|iPhoneSimulator
		{8BCFB30C-2363-476D-AF78-8237A68D346F}.Ad-Hoc|iPhoneSimulator.Deploy.0 = Ad-Hoc|iPhoneSimulator
		{8BCFB30C-2363-476D-AF78-8237A68D346F}.Ad-Hoc|x64.ActiveCfg = Ad-Hoc|iPhone
		{8BCFB30C-2363-476D-AF78-8237A68D346F}.Ad-Hoc|x64.Build.0 = Ad-Hoc|iPhone
		{8BCFB30C-2363-476D-AF78-8237A68D346F}.Ad-Hoc|x64.Deploy.0 = Ad-Hoc|iPhone
		{8BCFB30C-2363-476D-AF78-8237A68D346F}.Ad-Hoc|x86.ActiveCfg = Ad-Hoc|iPhone
		{8BCFB30C-2363-476D-AF78-8237A68D346F}.Ad-Hoc|x86.Build.0 = Ad-Hoc|iPhone
		{8BCFB30C-2363-476D-AF78-8237A68D346F}.Ad-Hoc|x86.Deploy.0 = Ad-Hoc|iPhone
		{8BCFB30C-2363-476D-AF78-8237A68D346F}.AppStore|Any CPU.ActiveCfg = AppStore|iPhone
		{8BCFB30C-2363-476D-AF78-8237A68D346F}.AppStore|Any CPU.Build.0 = AppStore|iPhone
		{8BCFB30C-2363-476D-AF78-8237A68D346F}.AppStore|Any CPU.Deploy.0 = AppStore|iPhone
		{8BCFB30C-2363-476D-AF78-8237A68D346F}.AppStore|ARM.ActiveCfg = AppStore|iPhone
		{8BCFB30C-2363-476D-AF78-8237A68D346F}.AppStore|ARM.Build.0 = AppStore|iPhone
		{8BCFB30C-2363-476D-AF78-8237A68D346F}.AppStore|ARM.Deploy.0 = AppStore|iPhone
		{8BCFB30C-2363-476D-AF78-8237A68D346F}.AppStore|iPhone.ActiveCfg = AppStore|iPhone
		{8BCFB30C-2363-476D-AF78-8237A68D346F}.AppStore|iPhone.Build.0 = AppStore|iPhone
		{8BCFB30C-2363-476D-AF78-8237A68D346F}.AppStore|iPhone.Deploy.0 = AppStore|iPhone
		{8BCFB30C-2363-476D-AF78-8237A68D346F}.AppStore|iPhoneSimulator.ActiveCfg = AppStore|iPhoneSimulator
		{8BCFB30C-2363-476D-AF78-8237A68D346F}.AppStore|iPhoneSimulator.Build.0 = AppStore|iPhoneSimulator
		{8BCFB30C-2363-476D-AF78-8237A68D346F}.AppStore|iPhoneSimulator.Deploy.0 = AppStore|iPhoneSimulator
		{8BCFB30C-2363-476D-AF78-8237A68D346F}.AppStore|x64.ActiveCfg = AppStore|iPhone
		{8BCFB30C-2363-476D-AF78-8237A68D346F}.AppStore|x64.Build.0 = AppStore|iPhone
		{8BCFB30C-2363-476D-AF78-8237A68D346F}.AppStore|x64.Deploy.0 = AppStore|iPhone
		{8BCFB30C-2363-476D-AF78-8237A68D346F}.AppStore|x86.ActiveCfg = AppStore|iPhone
		{8BCFB30C-2363-476D-AF78-8237A68D346F}.AppStore|x86.Build.0 = AppStore|iPhone
		{8BCFB30C-2363-476D-AF78-8237A68D346F}.AppStore|x86.Deploy.0 = AppStore|iPhone
		{8BCFB30C-2363-476D-AF78-8237A68D346F}.Debug|Any CPU.ActiveCfg = Debug|iPhoneSimulator
		{8BCFB30C-2363-476D-AF78-8237A68D346F}.Debug|Any CPU.Build.0 = Debug|iPhoneSimulator
		{8BCFB30C-2363-476D-AF78-8237A68D346F}.Debug|Any CPU.Deploy.0 = Debug|iPhoneSimulator
		{8BCFB30C-2363-476D-AF78-8237A68D346F}.Debug|ARM.ActiveCfg = Debug|iPhone
		{8BCFB30C-2363-476D-AF78-8237A68D346F}.Debug|ARM.Build.0 = Debug|iPhone
		{8BCFB30C-2363-476D-AF78-8237A68D346F}.Debug|ARM.Deploy.0 = Debug|iPhone
		{8BCFB30C-2363-476D-AF78-8237A68D346F}.Debug|iPhone.ActiveCfg = Debug|iPhone
		{8BCFB30C-2363-476D-AF78-8237A68D346F}.Debug|iPhone.Build.0 = Debug|iPhone
		{8BCFB30C-2363-476D-AF78-8237A68D346F}.Debug|iPhone.Deploy.0 = Debug|iPhone
		{8BCFB30C-2363-476D-AF78-8237A68D346F}.Debug|iPhoneSimulator.ActiveCfg = Debug|iPhoneSimulator
		{8BCFB30C-2363-476D-AF78-8237A68D346F}.Debug|iPhoneSimulator.Build.0 = Debug|iPhoneSimulator
		{8BCFB30C-2363-476D-AF78-8237A68D346F}.Debug|iPhoneSimulator.Deploy.0 = Debug|iPhoneSimulator
		{8BCFB30C-2363-476D-AF78-8237A68D346F}.Debug|x64.ActiveCfg = Debug|iPhone
		{8BCFB30C-2363-476D-AF78-8237A68D346F}.Debug|x64.Build.0 = Debug|iPhone
		{8BCFB30C-2363-476D-AF78-8237A68D346F}.Debug|x64.Deploy.0 = Debug|iPhone
		{8BCFB30C-2363-476D-AF78-8237A68D346F}.Debug|x86.ActiveCfg = Debug|iPhone
		{8BCFB30C-2363-476D-AF78-8237A68D346F}.Debug|x86.Build.0 = Debug|iPhone
		{8BCFB30C-2363-476D-AF78-8237A68D346F}.Debug|x86.Deploy.0 = Debug|iPhone
		{8BCFB30C-2363-476D-AF78-8237A68D346F}.Release|Any CPU.ActiveCfg = Release|iPhone
		{8BCFB30C-2363-476D-AF78-8237A68D346F}.Release|Any CPU.Build.0 = Release|iPhone
		{8BCFB30C-2363-476D-AF78-8237A68D346F}.Release|Any CPU.Deploy.0 = Release|iPhone
		{8BCFB30C-2363-476D-AF78-8237A68D346F}.Release|ARM.ActiveCfg = Release|iPhone
		{8BCFB30C-2363-476D-AF78-8237A68D346F}.Release|ARM.Build.0 = Release|iPhone
		{8BCFB30C-2363-476D-AF78-8237A68D346F}.Release|ARM.Deploy.0 = Release|iPhone
		{8BCFB30C-2363-476D-AF78-8237A68D346F}.Release|iPhone.ActiveCfg = Release|iPhone
		{8BCFB30C-2363-476D-AF78-8237A68D346F}.Release|iPhone.Build.0 = Release|iPhone
		{8BCFB30C-2363-476D-AF78-8237A68D346F}.Release|iPhone.Deploy.0 = Release|iPhone
		{8BCFB30C-2363-476D-AF78-8237A68D346F}.Release|iPhoneSimulator.ActiveCfg = Release|iPhoneSimulator
		{8BCFB30C-2363-476D-AF78-8237A68D346F}.Release|iPhoneSimulator.Build.0 = Release|iPhoneSimulator
		{8BCFB30C-2363-476D-AF78-8237A68D346F}.Release|iPhoneSimulator.Deploy.0 = Release|iPhoneSimulator
		{8BCFB30C-2363-476D-AF78-8237A68D346F}.Release|x64.ActiveCfg = Release|iPhone
		{8BCFB30C-2363-476D-AF78-8237A68D346F}.Release|x64.Build.0 = Release|iPhone
		{8BCFB30C-2363-476D-AF78-8237A68D346F}.Release|x64.Deploy.0 = Release|iPhone
		{8BCFB30C-2363-476D-AF78-8237A68D346F}.Release|x86.ActiveCfg = Release|iPhone
		{8BCFB30C-2363-476D-AF78-8237A68D346F}.Release|x86.Build.0 = Release|iPhone
		{8BCFB30C-2363-476D-AF78-8237A68D346F}.Release|x86.Deploy.0 = Release|iPhone
		{42E912D0-C9A8-4904-B048-F52859C8B291}.Ad-Hoc|Any CPU.ActiveCfg = Release|x86
		{42E912D0-C9A8-4904-B048-F52859C8B291}.Ad-Hoc|Any CPU.Build.0 = Release|x86
		{42E912D0-C9A8-4904-B048-F52859C8B291}.Ad-Hoc|Any CPU.Deploy.0 = Release|x86
		{42E912D0-C9A8-4904-B048-F52859C8B291}.Ad-Hoc|ARM.ActiveCfg = Release|ARM
		{42E912D0-C9A8-4904-B048-F52859C8B291}.Ad-Hoc|ARM.Build.0 = Release|ARM
		{42E912D0-C9A8-4904-B048-F52859C8B291}.Ad-Hoc|ARM.Deploy.0 = Release|ARM
		{42E912D0-C9A8-4904-B048-F52859C8B291}.Ad-Hoc|iPhone.ActiveCfg = Release|x86
		{42E912D0-C9A8-4904-B048-F52859C8B291}.Ad-Hoc|iPhone.Build.0 = Release|x86
		{42E912D0-C9A8-4904-B048-F52859C8B291}.Ad-Hoc|iPhone.Deploy.0 = Release|x86
		{42E912D0-C9A8-4904-B048-F52859C8B291}.Ad-Hoc|iPhoneSimulator.ActiveCfg = Release|x86
		{42E912D0-C9A8-4904-B048-F52859C8B291}.Ad-Hoc|iPhoneSimulator.Build.0 = Release|x86
		{42E912D0-C9A8-4904-B048-F52859C8B291}.Ad-Hoc|iPhoneSimulator.Deploy.0 = Release|x86
		{42E912D0-C9A8-4904-B048-F52859C8B291}.Ad-Hoc|x64.ActiveCfg = Release|x64
		{42E912D0-C9A8-4904-B048-F52859C8B291}.Ad-Hoc|x64.Build.0 = Release|x64
		{42E912D0-C9A8-4904-B048-F52859C8B291}.Ad-Hoc|x64.Deploy.0 = Release|x64
		{42E912D0-C9A8-4904-B048-F52859C8B291}.Ad-Hoc|x86.ActiveCfg = Release|x86
		{42E912D0-C9A8-4904-B048-F52859C8B291}.Ad-Hoc|x86.Build.0 = Release|x86
		{42E912D0-C9A8-4904-B048-F52859C8B291}.Ad-Hoc|x86.Deploy.0 = Release|x86
		{42E912D0-C9A8-4904-B048-F52859C8B291}.AppStore|Any CPU.ActiveCfg = Release|x86
		{42E912D0-C9A8-4904-B048-F52859C8B291}.AppStore|Any CPU.Build.0 = Release|x86
		{42E912D0-C9A8-4904-B048-F52859C8B291}.AppStore|Any CPU.Deploy.0 = Release|x86
		{42E912D0-C9A8-4904-B048-F52859C8B291}.AppStore|ARM.ActiveCfg = Release|ARM
		{42E912D0-C9A8-4904-B048-F52859C8B291}.AppStore|ARM.Build.0 = Release|ARM
		{42E912D0-C9A8-4904-B048-F52859C8B291}.AppStore|ARM.Deploy.0 = Release|ARM
		{42E912D0-C9A8-4904-B048-F52859C8B291}.AppStore|iPhone.ActiveCfg = Release|x86
		{42E912D0-C9A8-4904-B048-F52859C8B291}.AppStore|iPhone.Build.0 = Release|x86
		{42E912D0-C9A8-4904-B048-F52859C8B291}.AppStore|iPhone.Deploy.0 = Release|x86
		{42E912D0-C9A8-4904-B048-F52859C8B291}.AppStore|iPhoneSimulator.ActiveCfg = Release|x86
		{42E912D0-C9A8-4904-B048-F52859C8B291}.AppStore|iPhoneSimulator.Build.0 = Release|x86
		{42E912D0-C9A8-4904-B048-F52859C8B291}.AppStore|iPhoneSimulator.Deploy.0 = Release|x86
		{42E912D0-C9A8-4904-B048-F52859C8B291}.AppStore|x64.ActiveCfg = Release|x64
		{42E912D0-C9A8-4904-B048-F52859C8B291}.AppStore|x64.Build.0 = Release|x64
		{42E912D0-C9A8-4904-B048-F52859C8B291}.AppStore|x64.Deploy.0 = Release|x64
		{42E912D0-C9A8-4904-B048-F52859C8B291}.AppStore|x86.ActiveCfg = Release|x86
		{42E912D0-C9A8-4904-B048-F52859C8B291}.AppStore|x86.Build.0 = Release|x86
		{42E912D0-C9A8-4904-B048-F52859C8B291}.AppStore|x86.Deploy.0 = Release|x86
		{42E912D0-C9A8-4904-B048-F52859C8B291}.Debug|Any CPU.ActiveCfg = Debug|x86
		{42E912D0-C9A8-4904-B048-F52859C8B291}.Debug|Any CPU.Build.0 = Debug|x86
		{42E912D0-C9A8-4904-B048-F52859C8B291}.Debug|Any CPU.Deploy.0 = Debug|x86
		{42E912D0-C9A8-4904-B048-F52859C8B291}.Debug|ARM.ActiveCfg = Debug|ARM
		{42E912D0-C9A8-4904-B048-F52859C8B291}.Debug|ARM.Build.0 = Debug|ARM
		{42E912D0-C9A8-4904-B048-F52859C8B291}.Debug|ARM.Deploy.0 = Debug|ARM
		{42E912D0-C9A8-4904-B048-F52859C8B291}.Debug|iPhone.ActiveCfg = Debug|x86
		{42E912D0-C9A8-4904-B048-F52859C8B291}.Debug|iPhone.Build.0 = Debug|x86
		{42E912D0-C9A8-4904-B048-F52859C8B291}.Debug|iPhone.Deploy.0 = Debug|x86
		{42E912D0-C9A8-4904-B048-F52859C8B291}.Debug|iPhoneSimulator.ActiveCfg = Debug|x86
		{42E912D0-C9A8-4904-B048-F52859C8B291}.Debug|iPhoneSimulator.Build.0 = Debug|x86
		{42E912D0-C9A8-4904-B048-F52859C8B291}.Debug|iPhoneSimulator.Deploy.0 = Debug|x86
		{42E912D0-C9A8-4904-B048-F52859C8B291}.Debug|x64.ActiveCfg = Debug|x64
		{42E912D0-C9A8-4904-B048-F52859C8B291}.Debug|x64.Build.0 = Debug|x64
		{42E912D0-C9A8-4904-B048-F52859C8B291}.Debug|x64.Deploy.0 = Debug|x64
		{42E912D0-C9A8-4904-B048-F52859C8B291}.Debug|x86.ActiveCfg = Debug|x86
		{42E912D0-C9A8-4904-B048-F52859C8B291}.Debug|x86.Build.0 = Debug|x86
		{42E912D0-C9A8-4904-B048-F52859C8B291}.Debug|x86.Deploy.0 = Debug|x86
		{42E912D0-C9A8-4904-B048-F52859C8B291}.Release|Any CPU.ActiveCfg = Release|x86
		{42E912D0-C9A8-4904-B048-F52859C8B291}.Release|Any CPU.Build.0 = Release|x86
		{42E912D0-C9A8-4904-B048-F52859C8B291}.Release|Any CPU.Deploy.0 = Release|x86
		{42E912D0-C9A8-4904-B048-F52859C8B291}.Release|ARM.ActiveCfg = Release|ARM
		{42E912D0-C9A8-4904-B048-F52859C8B291}.Release|ARM.Build.0 = Release|ARM
		{42E912D0-C9A8-4904-B048-F52859C8B291}.Release|ARM.Deploy.0 = Release|ARM
		{42E912D0-C9A8-4904-B048-F52859C8B291}.Release|iPhone.ActiveCfg = Release|x86
		{42E912D0-C9A8-4904-B048-F52859C8B291}.Release|iPhone.Build.0 = Release|x86
		{42E912D0-C9A8-4904-B048-F52859C8B291}.Release|iPhone.Deploy.0 = Release|x86
		{42E912D0-C9A8-4904-B048-F52859C8B291}.Release|iPhoneSimulator.ActiveCfg = Release|x86
		{42E912D0-C9A8-4904-B048-F52859C8B291}.Release|iPhoneSimulator.Build.0 = Release|x86
		{42E912D0-C9A8-4904-B048-F52859C8B291}.Release|iPhoneSimulator.Deploy.0 = Release|x86
		{42E912D0-C9A8-4904-B048-F52859C8B291}.Release|x64.ActiveCfg = Release|x64
		{42E912D0-C9A8-4904-B048-F52859C8B291}.Release|x64.Build.0 = Release|x64
		{42E912D0-C9A8-4904-B048-F52859C8B291}.Release|x64.Deploy.0 = Release|x64
		{42E912D0-C9A8-4904-B048-F52859C8B291}.Release|x86.ActiveCfg = Release|x86
		{42E912D0-C9A8-4904-B048-F52859C8B291}.Release|x86.Build.0 = Release|x86
		{42E912D0-C9A8-4904-B048-F52859C8B291}.Release|x86.Deploy.0 = Release|x86
		{DD8D1C5E-76DE-4E9C-BECB-26440BB1A2EA}.Ad-Hoc|Any CPU.ActiveCfg = Debug|Any CPU
		{DD8D1C5E-76DE-4E9C-BECB-26440BB1A2EA}.Ad-Hoc|Any CPU.Build.0 = Debug|Any CPU
		{DD8D1C5E-76DE-4E9C-BECB-26440BB1A2EA}.Ad-Hoc|Any CPU.Deploy.0 = Debug|Any CPU
		{DD8D1C5E-76DE-4E9C-BECB-26440BB1A2EA}.Ad-Hoc|ARM.ActiveCfg = Debug|Any CPU
		{DD8D1C5E-76DE-4E9C-BECB-26440BB1A2EA}.Ad-Hoc|ARM.Build.0 = Debug|Any CPU
		{DD8D1C5E-76DE-4E9C-BECB-26440BB1A2EA}.Ad-Hoc|ARM.Deploy.0 = Debug|Any CPU
		{DD8D1C5E-76DE-4E9C-BECB-26440BB1A2EA}.Ad-Hoc|iPhone.ActiveCfg = Debug|Any CPU
		{DD8D1C5E-76DE-4E9C-BECB-26440BB1A2EA}.Ad-Hoc|iPhone.Build.0 = Debug|Any CPU
		{DD8D1C5E-76DE-4E9C-BECB-26440BB1A2EA}.Ad-Hoc|iPhone.Deploy.0 = Debug|Any CPU
		{DD8D1C5E-76DE-4E9C-BECB-26440BB1A2EA}.Ad-Hoc|iPhoneSimulator.ActiveCfg = Debug|Any CPU
		{DD8D1C5E-76DE-4E9C-BECB-26440BB1A2EA}.Ad-Hoc|iPhoneSimulator.Build.0 = Debug|Any CPU
		{DD8D1C5E-76DE-4E9C-BECB-26440BB1A2EA}.Ad-Hoc|iPhoneSimulator.Deploy.0 = Debug|Any CPU
		{DD8D1C5E-76DE-4E9C-BECB-26440BB1A2EA}.Ad-Hoc|x64.ActiveCfg = Debug|Any CPU
		{DD8D1C5E-76DE-4E9C-BECB-26440BB1A2EA}.Ad-Hoc|x64.Build.0 = Debug|Any CPU
		{DD8D1C5E-76DE-4E9C-BECB-26440BB1A2EA}.Ad-Hoc|x64.Deploy.0 = Debug|Any CPU
		{DD8D1C5E-76DE-4E9C-BECB-26440BB1A2EA}.Ad-Hoc|x86.ActiveCfg = Debug|Any CPU
		{DD8D1C5E-76DE-4E9C-BECB-26440BB1A2EA}.Ad-Hoc|x86.Build.0 = Debug|Any CPU
		{DD8D1C5E-76DE-4E9C-BECB-26440BB1A2EA}.Ad-Hoc|x86.Deploy.0 = Debug|Any CPU
		{DD8D1C5E-76DE-4E9C-BECB-26440BB1A2EA}.AppStore|Any CPU.ActiveCfg = Debug|Any CPU
		{DD8D1C5E-76DE-4E9C-BECB-26440BB1A2EA}.AppStore|Any CPU.Build.0 = Debug|Any CPU
		{DD8D1C5E-76DE-4E9C-BECB-26440BB1A2EA}.AppStore|Any CPU.Deploy.0 = Debug|Any CPU
		{DD8D1C5E-76DE-4E9C-BECB-26440BB1A2EA}.AppStore|ARM.ActiveCfg = Debug|Any CPU
		{DD8D1C5E-76DE-4E9C-BECB-26440BB1A2EA}.AppStore|ARM.Build.0 = Debug|Any CPU
		{DD8D1C5E-76DE-4E9C-BECB-26440BB1A2EA}.AppStore|ARM.Deploy.0 = Debug|Any CPU
		{DD8D1C5E-76DE-4E9C-BECB-26440BB1A2EA}.AppStore|iPhone.ActiveCfg = Debug|Any CPU
		{DD8D1C5E-76DE-4E9C-BECB-26440BB1A2EA}.AppStore|iPhone.Build.0 = Debug|Any CPU
		{DD8D1C5E-76DE-4E9C-BECB-26440BB1A2EA}.AppStore|iPhone.Deploy.0 = Debug|Any CPU
		{DD8D1C5E-76DE-4E9C-BECB-26440BB1A2EA}.AppStore|iPhoneSimulator.ActiveCfg = Debug|Any CPU
		{DD8D1C5E-76DE-4E9C-BECB-26440BB1A2EA}.AppStore|iPhoneSimulator.Build.0 = Debug|Any CPU
		{DD8D1C5E-76DE-4E9C-BECB-26440BB1A2EA}.AppStore|iPhoneSimulator.Deploy.0 = Debug|Any CPU
		{DD8D1C5E-76DE-4E9C-BECB-26440BB1A2EA}.AppStore|x64.ActiveCfg = Debug|Any CPU
		{DD8D1C5E-76DE-4E9C-BECB-26440BB1A2EA}.AppStore|x64.Build.0 = Debug|Any CPU
		{DD8D1C5E-76DE-4E9C-BECB-26440BB1A2EA}.AppStore|x64.Deploy.0 = Debug|Any CPU
		{DD8D1C5E-76DE-4E9C-BECB-26440BB1A2EA}.AppStore|x86.ActiveCfg = Debug|Any CPU
		{DD8D1C5E-76DE-4E9C-BECB-26440BB1A2EA}.AppStore|x86.Build.0 = Debug|Any CPU
		{DD8D1C5E-76DE-4E9C-BECB-26440BB1A2EA}.AppStore|x86.Deploy.0 = Debug|Any CPU
		{DD8D1C5E-76DE-4E9C-BECB-26440BB1A2EA}.Debug|Any CPU.ActiveCfg = Debug|Any CPU
		{DD8D1C5E-76DE-4E9C-BECB-26440BB1A2EA}.Debug|Any CPU.Build.0 = Debug|Any CPU
		{DD8D1C5E-76DE-4E9C-BECB-26440BB1A2EA}.Debug|Any CPU.Deploy.0 = Debug|Any CPU
		{DD8D1C5E-76DE-4E9C-BECB-26440BB1A2EA}.Debug|ARM.ActiveCfg = Debug|Any CPU
		{DD8D1C5E-76DE-4E9C-BECB-26440BB1A2EA}.Debug|ARM.Build.0 = Debug|Any CPU
		{DD8D1C5E-76DE-4E9C-BECB-26440BB1A2EA}.Debug|ARM.Deploy.0 = Debug|Any CPU
		{DD8D1C5E-76DE-4E9C-BECB-26440BB1A2EA}.Debug|iPhone.ActiveCfg = Debug|Any CPU
		{DD8D1C5E-76DE-4E9C-BECB-26440BB1A2EA}.Debug|iPhone.Build.0 = Debug|Any CPU
		{DD8D1C5E-76DE-4E9C-BECB-26440BB1A2EA}.Debug|iPhone.Deploy.0 = Debug|Any CPU
		{DD8D1C5E-76DE-4E9C-BECB-26440BB1A2EA}.Debug|iPhoneSimulator.ActiveCfg = Debug|Any CPU
		{DD8D1C5E-76DE-4E9C-BECB-26440BB1A2EA}.Debug|iPhoneSimulator.Build.0 = Debug|Any CPU
		{DD8D1C5E-76DE-4E9C-BECB-26440BB1A2EA}.Debug|iPhoneSimulator.Deploy.0 = Debug|Any CPU
		{DD8D1C5E-76DE-4E9C-BECB-26440BB1A2EA}.Debug|x64.ActiveCfg = Debug|Any CPU
		{DD8D1C5E-76DE-4E9C-BECB-26440BB1A2EA}.Debug|x64.Build.0 = Debug|Any CPU
		{DD8D1C5E-76DE-4E9C-BECB-26440BB1A2EA}.Debug|x64.Deploy.0 = Debug|Any CPU
		{DD8D1C5E-76DE-4E9C-BECB-26440BB1A2EA}.Debug|x86.ActiveCfg = Debug|Any CPU
		{DD8D1C5E-76DE-4E9C-BECB-26440BB1A2EA}.Debug|x86.Build.0 = Debug|Any CPU
		{DD8D1C5E-76DE-4E9C-BECB-26440BB1A2EA}.Debug|x86.Deploy.0 = Debug|Any CPU
		{DD8D1C5E-76DE-4E9C-BECB-26440BB1A2EA}.Release|Any CPU.ActiveCfg = Release|Any CPU
		{DD8D1C5E-76DE-4E9C-BECB-26440BB1A2EA}.Release|Any CPU.Build.0 = Release|Any CPU
		{DD8D1C5E-76DE-4E9C-BECB-26440BB1A2EA}.Release|Any CPU.Deploy.0 = Release|Any CPU
		{DD8D1C5E-76DE-4E9C-BECB-26440BB1A2EA}.Release|ARM.ActiveCfg = Release|Any CPU
		{DD8D1C5E-76DE-4E9C-BECB-26440BB1A2EA}.Release|ARM.Build.0 = Release|Any CPU
		{DD8D1C5E-76DE-4E9C-BECB-26440BB1A2EA}.Release|ARM.Deploy.0 = Release|Any CPU
		{DD8D1C5E-76DE-4E9C-BECB-26440BB1A2EA}.Release|iPhone.ActiveCfg = Release|Any CPU
		{DD8D1C5E-76DE-4E9C-BECB-26440BB1A2EA}.Release|iPhone.Build.0 = Release|Any CPU
		{DD8D1C5E-76DE-4E9C-BECB-26440BB1A2EA}.Release|iPhone.Deploy.0 = Release|Any CPU
		{DD8D1C5E-76DE-4E9C-BECB-26440BB1A2EA}.Release|iPhoneSimulator.ActiveCfg = Release|Any CPU
		{DD8D1C5E-76DE-4E9C-BECB-26440BB1A2EA}.Release|iPhoneSimulator.Build.0 = Release|Any CPU
		{DD8D1C5E-76DE-4E9C-BECB-26440BB1A2EA}.Release|iPhoneSimulator.Deploy.0 = Release|Any CPU
		{DD8D1C5E-76DE-4E9C-BECB-26440BB1A2EA}.Release|x64.ActiveCfg = Release|Any CPU
		{DD8D1C5E-76DE-4E9C-BECB-26440BB1A2EA}.Release|x64.Build.0 = Release|Any CPU
		{DD8D1C5E-76DE-4E9C-BECB-26440BB1A2EA}.Release|x64.Deploy.0 = Release|Any CPU
		{DD8D1C5E-76DE-4E9C-BECB-26440BB1A2EA}.Release|x86.ActiveCfg = Release|Any CPU
		{DD8D1C5E-76DE-4E9C-BECB-26440BB1A2EA}.Release|x86.Build.0 = Release|Any CPU
		{DD8D1C5E-76DE-4E9C-BECB-26440BB1A2EA}.Release|x86.Deploy.0 = Release|Any CPU
	EndGlobalSection
	GlobalSection(SolutionProperties) = preSolution
		HideSolutionNode = FALSE
	EndGlobalSection
	GlobalSection(ExtensibilityGlobals) = postSolution
		SolutionGuid = {C4BAB6D3-57CF-4C00-B2A3-A04D0CC06911}
	EndGlobalSection
EndGlobal
